
Microsoft Visual Studio Solution File, Format Version 12.00
# Visual Studio Version 17
VisualStudioVersion = 17.7.34202.233
MinimumVisualStudioVersion = 10.0.40219.1
Project("{FAE04EC0-301F-11D3-BF4B-00C04F79EFBC}") = "RegistroEstudiate", "RegistroEstudiate\RegistroEstudiate.csproj", "{3A086DB7-5F76-42F7-8D32-F82F943449FF}"
EndProject
Global
	GlobalSection(SolutionConfigurationPlatforms) = preSolution
		Debug|Any CPU = Debug|Any CPU
		Release|Any CPU = Release|Any CPU
	EndGlobalSection
	GlobalSection(ProjectConfigurationPlatforms) = postSolution
		{3A086DB7-5F76-42F7-8D32-F82F943449FF}.Debug|Any CPU.ActiveCfg = Debug|Any CPU
		{3A086DB7-5F76-42F7-8D32-F82F943449FF}.Debug|Any CPU.Build.0 = Debug|Any CPU
		{3A086DB7-5F76-42F7-8D32-F82F943449FF}.Debug|Any CPU.Deploy.0 = Debug|Any CPU
		{3A086DB7-5F76-42F7-8D32-F82F943449FF}.Release|Any CPU.ActiveCfg = Release|Any CPU
		{3A086DB7-5F76-42F7-8D32-F82F943449FF}.Release|Any CPU.Build.0 = Release|Any CPU
		{3A086DB7-5F76-42F7-8D32-F82F943449FF}.Release|Any CPU.Deploy.0 = Release|Any CPU
	EndGlobalSection
	GlobalSection(SolutionProperties) = preSolution
		HideSolutionNode = FALSE
	EndGlobalSection
	GlobalSection(ExtensibilityGlobals) = postSolution
		SolutionGuid = {29827A93-13AE-4D9F-9814-CD3733096005}
	EndGlobalSection
EndGlobal
